// !$*UTF8*$!
{
	archiveVersion = 1;
	classes = {
	};
	objectVersion = 55;
	objects = {

/* Begin PBXBuildFile section */
		D8045538281A17F00051067E /* AppDelegate.swift in Sources */ = {isa = PBXBuildFile; fileRef = D8045537281A17F00051067E /* AppDelegate.swift */; };
		D804553A281A17F00051067E /* SceneDelegate.swift in Sources */ = {isa = PBXBuildFile; fileRef = D8045539281A17F00051067E /* SceneDelegate.swift */; };
		D804553C281A17F00051067E /* ViewController.swift in Sources */ = {isa = PBXBuildFile; fileRef = D804553B281A17F00051067E /* ViewController.swift */; };
		D804553F281A17F00051067E /* Main.storyboard in Resources */ = {isa = PBXBuildFile; fileRef = D804553D281A17F00051067E /* Main.storyboard */; };
		D8045541281A17F20051067E /* Assets.xcassets in Resources */ = {isa = PBXBuildFile; fileRef = D8045540281A17F20051067E /* Assets.xcassets */; };
		D8045544281A17F20051067E /* LaunchScreen.storyboard in Resources */ = {isa = PBXBuildFile; fileRef = D8045542281A17F20051067E /* LaunchScreen.storyboard */; };
		D804554F281A17F20051067E /* CalulatorTests.swift in Sources */ = {isa = PBXBuildFile; fileRef = D804554E281A17F20051067E /* CalulatorTests.swift */; };
		D8045559281A17F20051067E /* CalulatorUITests.swift in Sources */ = {isa = PBXBuildFile; fileRef = D8045558281A17F20051067E /* CalulatorUITests.swift */; };
		D804555B281A17F20051067E /* CalulatorUITestsLaunchTests.swift in Sources */ = {isa = PBXBuildFile; fileRef = D804555A281A17F20051067E /* CalulatorUITestsLaunchTests.swift */; };
/* End PBXBuildFile section */

/* Begin PBXContainerItemProxy section */
		D804554B281A17F20051067E /* PBXContainerItemProxy */ = {
			isa = PBXContainerItemProxy;
			containerPortal = D804552C281A17F00051067E /* Project object */;
			proxyType = 1;
			remoteGlobalIDString = D8045533281A17F00051067E;
			remoteInfo = Calulator;
		};
		D8045555281A17F20051067E /* PBXContainerItemProxy */ = {
			isa = PBXContainerItemProxy;
			containerPortal = D804552C281A17F00051067E /* Project object */;
			proxyType = 1;
			remoteGlobalIDString = D8045533281A17F00051067E;
			remoteInfo = Calulator;
		};
/* End PBXContainerItemProxy section */

/* Begin PBXFileReference section */
		D8045534281A17F00051067E /* Calulator.app */ = {isa = PBXFileReference; explicitFileType = wrapper.application; includeInIndex = 0; path = Calulator.app; sourceTree = BUILT_PRODUCTS_DIR; };
		D8045537281A17F00051067E /* AppDelegate.swift */ = {isa = PBXFileReference; lastKnownFileType = sourcecode.swift; path = AppDelegate.swift; sourceTree = "<group>"; };
		D8045539281A17F00051067E /* SceneDelegate.swift */ = {isa = PBXFileReference; lastKnownFileType = sourcecode.swift; path = SceneDelegate.swift; sourceTree = "<group>"; };
		D804553B281A17F00051067E /* ViewController.swift */ = {isa = PBXFileReference; lastKnownFileType = sourcecode.swift; path = ViewController.swift; sourceTree = "<group>"; };
		D804553E281A17F00051067E /* Base */ = {isa = PBXFileReference; lastKnownFileType = file.storyboard; name = Base; path = Base.lproj/Main.storyboard; sourceTree = "<group>"; };
		D8045540281A17F20051067E /* Assets.xcassets */ = {isa = PBXFileReference; lastKnownFileType = folder.assetcatalog; path = Assets.xcassets; sourceTree = "<group>"; };
		D8045543281A17F20051067E /* Base */ = {isa = PBXFileReference; lastKnownFileType = file.storyboard; name = Base; path = Base.lproj/LaunchScreen.storyboard; sourceTree = "<group>"; };
		D8045545281A17F20051067E /* Info.plist */ = {isa = PBXFileReference; lastKnownFileType = text.plist.xml; path = Info.plist; sourceTree = "<group>"; };
		D804554A281A17F20051067E /* CalulatorTests.xctest */ = {isa = PBXFileReference; explicitFileType = wrapper.cfbundle; includeInIndex = 0; path = CalulatorTests.xctest; sourceTree = BUILT_PRODUCTS_DIR; };
		D804554E281A17F20051067E /* CalulatorTests.swift */ = {isa = PBXFileReference; lastKnownFileType = sourcecode.swift; path = CalulatorTests.swift; sourceTree = "<group>"; };
		D8045554281A17F20051067E /* CalulatorUITests.xctest */ = {isa = PBXFileReference; explicitFileType = wrapper.cfbundle; includeInIndex = 0; path = CalulatorUITests.xctest; sourceTree = BUILT_PRODUCTS_DIR; };
		D8045558281A17F20051067E /* CalulatorUITests.swift */ = {isa = PBXFileReference; lastKnownFileType = sourcecode.swift; path = CalulatorUITests.swift; sourceTree = "<group>"; };
		D804555A281A17F20051067E /* CalulatorUITestsLaunchTests.swift */ = {isa = PBXFileReference; lastKnownFileType = sourcecode.swift; path = CalulatorUITestsLaunchTests.swift; sourceTree = "<group>"; };
/* End PBXFileReference section */

/* Begin PBXFrameworksBuildPhase section */
		D8045531281A17F00051067E /* Frameworks */ = {
			isa = PBXFrameworksBuildPhase;
			buildActionMask = 2147483647;
			files = (
			);
			runOnlyForDeploymentPostprocessing = 0;
		};
		D8045547281A17F20051067E /* Frameworks */ = {
			isa = PBXFrameworksBuildPhase;
			buildActionMask = 2147483647;
			files = (
			);
			runOnlyForDeploymentPostprocessing = 0;
		};
		D8045551281A17F20051067E /* Frameworks */ = {
			isa = PBXFrameworksBuildPhase;
			buildActionMask = 2147483647;
			files = (
			);
			runOnlyForDeploymentPostprocessing = 0;
		};
/* End PBXFrameworksBuildPhase section */

/* Begin PBXGroup section */
		D804552B281A17F00051067E = {
			isa = PBXGroup;
			children = (
				D8045536281A17F00051067E /* Calulator */,
				D804554D281A17F20051067E /* CalulatorTests */,
				D8045557281A17F20051067E /* CalulatorUITests */,
				D8045535281A17F00051067E /* Products */,
			);
			sourceTree = "<group>";
		};
		D8045535281A17F00051067E /* Products */ = {
			isa = PBXGroup;
			children = (
				D8045534281A17F00051067E /* Calulator.app */,
				D804554A281A17F20051067E /* CalulatorTests.xctest */,
				D8045554281A17F20051067E /* CalulatorUITests.xctest */,
			);
			name = Products;
			sourceTree = "<group>";
		};
		D8045536281A17F00051067E /* Calulator */ = {
			isa = PBXGroup;
			children = (
				D8045537281A17F00051067E /* AppDelegate.swift */,
				D8045539281A17F00051067E /* SceneDelegate.swift */,
				D804553B281A17F00051067E /* ViewController.swift */,
				D804553D281A17F00051067E /* Main.storyboard */,
				D8045540281A17F20051067E /* Assets.xcassets */,
				D8045542281A17F20051067E /* LaunchScreen.storyboard */,
				D8045545281A17F20051067E /* Info.plist */,
			);
			path = Calulator;
			sourceTree = "<group>";
		};
		D804554D281A17F20051067E /* CalulatorTests */ = {
			isa = PBXGroup;
			children = (
				D804554E281A17F20051067E /* CalulatorTests.swift */,
			);
			path = CalulatorTests;
			sourceTree = "<group>";
		};
		D8045557281A17F20051067E /* CalulatorUITests */ = {
			isa = PBXGroup;
			children = (
				D8045558281A17F20051067E /* CalulatorUITests.swift */,
				D804555A281A17F20051067E /* CalulatorUITestsLaunchTests.swift */,
			);
			path = CalulatorUITests;
			sourceTree = "<group>";
		};
/* End PBXGroup section */

/* Begin PBXNativeTarget section */
		D8045533281A17F00051067E /* Calulator */ = {
			isa = PBXNativeTarget;
			buildConfigurationList = D804555E281A17F20051067E /* Build configuration list for PBXNativeTarget "Calulator" */;
			buildPhases = (
				D8045530281A17F00051067E /* Sources */,
				D8045531281A17F00051067E /* Frameworks */,
				D8045532281A17F00051067E /* Resources */,
			);
			buildRules = (
			);
			dependencies = (
			);
			name = Calulator;
			productName = Calulator;
			productReference = D8045534281A17F00051067E /* Calulator.app */;
			productType = "com.apple.product-type.application";
		};
		D8045549281A17F20051067E /* CalulatorTests */ = {
			isa = PBXNativeTarget;
			buildConfigurationList = D8045561281A17F20051067E /* Build configuration list for PBXNativeTarget "CalulatorTests" */;
			buildPhases = (
				D8045546281A17F20051067E /* Sources */,
				D8045547281A17F20051067E /* Frameworks */,
				D8045548281A17F20051067E /* Resources */,
			);
			buildRules = (
			);
			dependencies = (
				D804554C281A17F20051067E /* PBXTargetDependency */,
			);
			name = CalulatorTests;
			productName = CalulatorTests;
			productReference = D804554A281A17F20051067E /* CalulatorTests.xctest */;
			productType = "com.apple.product-type.bundle.unit-test";
		};
		D8045553281A17F20051067E /* CalulatorUITests */ = {
			isa = PBXNativeTarget;
			buildConfigurationList = D8045564281A17F20051067E /* Build configuration list for PBXNativeTarget "CalulatorUITests" */;
			buildPhases = (
				D8045550281A17F20051067E /* Sources */,
				D8045551281A17F20051067E /* Frameworks */,
				D8045552281A17F20051067E /* Resources */,
			);
			buildRules = (
			);
			dependencies = (
				D8045556281A17F20051067E /* PBXTargetDependency */,
			);
			name = CalulatorUITests;
			productName = CalulatorUITests;
			productReference = D8045554281A17F20051067E /* CalulatorUITests.xctest */;
			productType = "com.apple.product-type.bundle.ui-testing";
		};
/* End PBXNativeTarget section */

/* Begin PBXProject section */
		D804552C281A17F00051067E /* Project object */ = {
			isa = PBXProject;
			attributes = {
				BuildIndependentTargetsInParallel = 1;
				LastSwiftUpdateCheck = 1330;
				LastUpgradeCheck = 1330;
				TargetAttributes = {
					D8045533281A17F00051067E = {
						CreatedOnToolsVersion = 13.3;
					};
					D8045549281A17F20051067E = {
						CreatedOnToolsVersion = 13.3;
						TestTargetID = D8045533281A17F00051067E;
					};
					D8045553281A17F20051067E = {
						CreatedOnToolsVersion = 13.3;
						TestTargetID = D8045533281A17F00051067E;
					};
				};
			};
			buildConfigurationList = D804552F281A17F00051067E /* Build configuration list for PBXProject "Calulator" */;
			compatibilityVersion = "Xcode 13.0";
			developmentRegion = en;
			hasScannedForEncodings = 0;
			knownRegions = (
				en,
				Base,
			);
			mainGroup = D804552B281A17F00051067E;
			productRefGroup = D8045535281A17F00051067E /* Products */;
			projectDirPath = "";
			projectRoot = "";
			targets = (
				D8045533281A17F00051067E /* Calulator */,
				D8045549281A17F20051067E /* CalulatorTests */,
				D8045553281A17F20051067E /* CalulatorUITests */,
			);
		};
/* End PBXProject section */

/* Begin PBXResourcesBuildPhase section */
		D8045532281A17F00051067E /* Resources */ = {
			isa = PBXResourcesBuildPhase;
			buildActionMask = 2147483647;
			files = (
				D8045544281A17F20051067E /* LaunchScreen.storyboard in Resources */,
				D8045541281A17F20051067E /* Assets.xcassets in Resources */,
				D804553F281A17F00051067E /* Main.storyboard in Resources */,
			);
			runOnlyForDeploymentPostprocessing = 0;
		};
		D8045548281A17F20051067E /* Resources */ = {
			isa = PBXResourcesBuildPhase;
			buildActionMask = 2147483647;
			files = (
			);
			runOnlyForDeploymentPostprocessing = 0;
		};
		D8045552281A17F20051067E /* Resources */ = {
			isa = PBXResourcesBuildPhase;
			buildActionMask = 2147483647;
			files = (
			);
			runOnlyForDeploymentPostprocessing = 0;
		};
/* End PBXResourcesBuildPhase section */

/* Begin PBXSourcesBuildPhase section */
		D8045530281A17F00051067E /* Sources */ = {
			isa = PBXSourcesBuildPhase;
			buildActionMask = 2147483647;
			files = (
				D804553C281A17F00051067E /* ViewController.swift in Sources */,
				D8045538281A17F00051067E /* AppDelegate.swift in Sources */,
				D804553A281A17F00051067E /* SceneDelegate.swift in Sources */,
			);
			runOnlyForDeploymentPostprocessing = 0;
		};
		D8045546281A17F20051067E /* Sources */ = {
			isa = PBXSourcesBuildPhase;
			buildActionMask = 2147483647;
			files = (
				D804554F281A17F20051067E /* CalulatorTests.swift in Sources */,
			);
			runOnlyForDeploymentPostprocessing = 0;
		};
		D8045550281A17F20051067E /* Sources */ = {
			isa = PBXSourcesBuildPhase;
			buildActionMask = 2147483647;
			files = (
				D804555B281A17F20051067E /* CalulatorUITestsLaunchTests.swift in Sources */,
				D8045559281A17F20051067E /* CalulatorUITests.swift in Sources */,
			);
			runOnlyForDeploymentPostprocessing = 0;
		};
/* End PBXSourcesBuildPhase section */

/* Begin PBXTargetDependency section */
		D804554C281A17F20051067E /* PBXTargetDependency */ = {
			isa = PBXTargetDependency;
			target = D8045533281A17F00051067E /* Calulator */;
			targetProxy = D804554B281A17F20051067E /* PBXContainerItemProxy */;
		};
		D8045556281A17F20051067E /* PBXTargetDependency */ = {
			isa = PBXTargetDependency;
			target = D8045533281A17F00051067E /* Calulator */;
			targetProxy = D8045555281A17F20051067E /* PBXContainerItemProxy */;
		};
/* End PBXTargetDependency section */

/* Begin PBXVariantGroup section */
		D804553D281A17F00051067E /* Main.storyboard */ = {
			isa = PBXVariantGroup;
			children = (
				D804553E281A17F00051067E /* Base */,
			);
			name = Main.storyboard;
			sourceTree = "<group>";
		};
		D8045542281A17F20051067E /* LaunchScreen.storyboard */ = {
			isa = PBXVariantGroup;
			children = (
				D8045543281A17F20051067E /* Base */,
			);
			name = LaunchScreen.storyboard;
			sourceTree = "<group>";
		};
/* End PBXVariantGroup section */

/* Begin XCBuildConfiguration section */
		D804555C281A17F20051067E /* Debug */ = {
			isa = XCBuildConfiguration;
			buildSettings = {
				ALWAYS_SEARCH_USER_PATHS = NO;
				CLANG_ANALYZER_NONNULL = YES;
				CLANG_ANALYZER_NUMBER_OBJECT_CONVERSION = YES_AGGRESSIVE;
				CLANG_CXX_LANGUAGE_STANDARD = "gnu++17";
				CLANG_ENABLE_MODULES = YES;
				CLANG_ENABLE_OBJC_ARC = YES;
				CLANG_ENABLE_OBJC_WEAK = YES;
				CLANG_WARN_BLOCK_CAPTURE_AUTORELEASING = YES;
				CLANG_WARN_BOOL_CONVERSION = YES;
				CLANG_WARN_COMMA = YES;
				CLANG_WARN_CONSTANT_CONVERSION = YES;
				CLANG_WARN_DEPRECATED_OBJC_IMPLEMENTATIONS = YES;
				CLANG_WARN_DIRECT_OBJC_ISA_USAGE = YES_ERROR;
				CLANG_WARN_DOCUMENTATION_COMMENTS = YES;
				CLANG_WARN_EMPTY_BODY = YES;
				CLANG_WARN_ENUM_CONVERSION = YES;
				CLANG_WARN_INFINITE_RECURSION = YES;
				CLANG_WARN_INT_CONVERSION = YES;
				CLANG_WARN_NON_LITERAL_NULL_CONVERSION = YES;
				CLANG_WARN_OBJC_IMPLICIT_RETAIN_SELF = YES;
				CLANG_WARN_OBJC_LITERAL_CONVERSION = YES;
				CLANG_WARN_OBJC_ROOT_CLASS = YES_ERROR;
				CLANG_WARN_QUOTED_INCLUDE_IN_FRAMEWORK_HEADER = YES;
				CLANG_WARN_RANGE_LOOP_ANALYSIS = YES;
				CLANG_WARN_STRICT_PROTOTYPES = YES;
				CLANG_WARN_SUSPICIOUS_MOVE = YES;
				CLANG_WARN_UNGUARDED_AVAILABILITY = YES_AGGRESSIVE;
				CLANG_WARN_UNREACHABLE_CODE = YES;
				CLANG_WARN__DUPLICATE_METHOD_MATCH = YES;
				COPY_PHASE_STRIP = NO;
				DEBUG_INFORMATION_FORMAT = dwarf;
				ENABLE_STRICT_OBJC_MSGSEND = YES;
				ENABLE_TESTABILITY = YES;
				GCC_C_LANGUAGE_STANDARD = gnu11;
				GCC_DYNAMIC_NO_PIC = NO;
				GCC_NO_COMMON_BLOCKS = YES;
				GCC_OPTIMIZATION_LEVEL = 0;
				GCC_PREPROCESSOR_DEFINITIONS = (
					"DEBUG=1",
					"$(inherited)",
				);
				GCC_WARN_64_TO_32_BIT_CONVERSION = YES;
				GCC_WARN_ABOUT_RETURN_TYPE = YES_ERROR;
				GCC_WARN_UNDECLARED_SELECTOR = YES;
				GCC_WARN_UNINITIALIZED_AUTOS = YES_AGGRESSIVE;
				GCC_WARN_UNUSED_FUNCTION = YES;
				GCC_WARN_UNUSED_VARIABLE = YES;
				IPHONEOS_DEPLOYMENT_TARGET = 15.4;
				MTL_ENABLE_DEBUG_INFO = INCLUDE_SOURCE;
				MTL_FAST_MATH = YES;
				ONLY_ACTIVE_ARCH = YES;
				SDKROOT = iphoneos;
				SWIFT_ACTIVE_COMPILATION_CONDITIONS = DEBUG;
				SWIFT_OPTIMIZATION_LEVEL = "-Onone";
			};
			name = Debug;
		};
		D804555D281A17F20051067E /* Release */ = {
			isa = XCBuildConfiguration;
			buildSettings = {
				ALWAYS_SEARCH_USER_PATHS = NO;
				CLANG_ANALYZER_NONNULL = YES;
				CLANG_ANALYZER_NUMBER_OBJECT_CONVERSION = YES_AGGRESSIVE;
				CLANG_CXX_LANGUAGE_STANDARD = "gnu++17";
				CLANG_ENABLE_MODULES = YES;
				CLANG_ENABLE_OBJC_ARC = YES;
				CLANG_ENABLE_OBJC_WEAK = YES;
				CLANG_WARN_BLOCK_CAPTURE_AUTORELEASING = YES;
				CLANG_WARN_BOOL_CONVERSION = YES;
				CLANG_WARN_COMMA = YES;
				CLANG_WARN_CONSTANT_CONVERSION = YES;
				CLANG_WARN_DEPRECATED_OBJC_IMPLEMENTATIONS = YES;
				CLANG_WARN_DIRECT_OBJC_ISA_USAGE = YES_ERROR;
				CLANG_WARN_DOCUMENTATION_COMMENTS = YES;
				CLANG_WARN_EMPTY_BODY = YES;
				CLANG_WARN_ENUM_CONVERSION = YES;
				CLANG_WARN_INFINITE_RECURSION = YES;
				CLANG_WARN_INT_CONVERSION = YES;
				CLANG_WARN_NON_LITERAL_NULL_CONVERSION = YES;
				CLANG_WARN_OBJC_IMPLICIT_RETAIN_SELF = YES;
				CLANG_WARN_OBJC_LITERAL_CONVERSION = YES;
				CLANG_WARN_OBJC_ROOT_CLASS = YES_ERROR;
				CLANG_WARN_QUOTED_INCLUDE_IN_FRAMEWORK_HEADER = YES;
				CLANG_WARN_RANGE_LOOP_ANALYSIS = YES;
				CLANG_WARN_STRICT_PROTOTYPES = YES;
				CLANG_WARN_SUSPICIOUS_MOVE = YES;
				CLANG_WARN_UNGUARDED_AVAILABILITY = YES_AGGRESSIVE;
				CLANG_WARN_UNREACHABLE_CODE = YES;
				CLANG_WARN__DUPLICATE_METHOD_MATCH = YES;
				COPY_PHASE_STRIP = NO;
				DEBUG_INFORMATION_FORMAT = "dwarf-with-dsym";
				ENABLE_NS_ASSERTIONS = NO;
				ENABLE_STRICT_OBJC_MSGSEND = YES;
				GCC_C_LANGUAGE_STANDARD = gnu11;
				GCC_NO_COMMON_BLOCKS = YES;
				GCC_WARN_64_TO_32_BIT_CONVERSION = YES;
				GCC_WARN_ABOUT_RETURN_TYPE = YES_ERROR;
				GCC_WARN_UNDECLARED_SELECTOR = YES;
				GCC_WARN_UNINITIALIZED_AUTOS = YES_AGGRESSIVE;
				GCC_WARN_UNUSED_FUNCTION = YES;
				GCC_WARN_UNUSED_VARIABLE = YES;
				IPHONEOS_DEPLOYMENT_TARGET = 15.4;
				MTL_ENABLE_DEBUG_INFO = NO;
				MTL_FAST_MATH = YES;
				SDKROOT = iphoneos;
				SWIFT_COMPILATION_MODE = wholemodule;
				SWIFT_OPTIMIZATION_LEVEL = "-O";
				VALIDATE_PRODUCT = YES;
			};
			name = Release;
		};
		D804555F281A17F20051067E /* Debug */ = {
			isa = XCBuildConfiguration;
			buildSettings = {
				ASSETCATALOG_COMPILER_APPICON_NAME = AppIcon;
				ASSETCATALOG_COMPILER_GLOBAL_ACCENT_COLOR_NAME = AccentColor;
				CODE_SIGN_STYLE = Automatic;
				CURRENT_PROJECT_VERSION = 1;
				GENERATE_INFOPLIST_FILE = YES;
				INFOPLIST_FILE = Calulator/Info.plist;
				INFOPLIST_KEY_UIApplicationSupportsIndirectInputEvents = YES;
				INFOPLIST_KEY_UILaunchStoryboardName = LaunchScreen;
				INFOPLIST_KEY_UIMainStoryboardFile = Main;
				INFOPLIST_KEY_UISupportedInterfaceOrientations_iPad = "UIInterfaceOrientationPortrait UIInterfaceOrientationPortraitUpsideDown UIInterfaceOrientationLandscapeLeft UIInterfaceOrientationLandscapeRight";
				INFOPLIST_KEY_UISupportedInterfaceOrientations_iPhone = "UIInterfaceOrientationPortrait UIInterfaceOrientationLandscapeLeft UIInterfaceOrientationLandscapeRight";
				LD_RUNPATH_SEARCH_PATHS = (
					"$(inherited)",
					"@executable_path/Frameworks",
				);
				MARKETING_VERSION = 1.0;
				PRODUCT_BUNDLE_IDENTIFIER = kr.root.Calulator;
				PRODUCT_NAME = "$(TARGET_NAME)";
				SWIFT_EMIT_LOC_STRINGS = YES;
				SWIFT_VERSION = 5.0;
				TARGETED_DEVICE_FAMILY = "1,2";
			};
			name = Debug;
		};
		D8045560281A17F20051067E /* Release */ = {
			isa = XCBuildConfiguration;
			buildSettings = {
				ASSETCATALOG_COMPILER_APPICON_NAME = AppIcon;
				ASSETCATALOG_COMPILER_GLOBAL_ACCENT_COLOR_NAME = AccentColor;
				CODE_SIGN_STYLE = Automatic;
				CURRENT_PROJECT_VERSION = 1;
				GENERATE_INFOPLIST_FILE = YES;
				INFOPLIST_FILE = Calulator/Info.plist;
				INFOPLIST_KEY_UIApplicationSupportsIndirectInputEvents = YES;
				INFOPLIST_KEY_UILaunchStoryboardName = LaunchScreen;
				INFOPLIST_KEY_UIMainStoryboardFile = Main;
				INFOPLIST_KEY_UISupportedInterfaceOrientations_iPad = "UIInterfaceOrientationPortrait UIInterfaceOrientationPortraitUpsideDown UIInterfaceOrientationLandscapeLeft UIInterfaceOrientationLandscapeRight";
				INFOPLIST_KEY_UISupportedInterfaceOrientations_iPhone = "UIInterfaceOrientationPortrait UIInterfaceOrientationLandscapeLeft UIInterfaceOrientationLandscapeRight";
				LD_RUNPATH_SEARCH_PATHS = (
					"$(inherited)",
					"@executable_path/Frameworks",
				);
				MARKETING_VERSION = 1.0;
				PRODUCT_BUNDLE_IDENTIFIER = kr.root.Calulator;
				PRODUCT_NAME = "$(TARGET_NAME)";
				SWIFT_EMIT_LOC_STRINGS = YES;
				SWIFT_VERSION = 5.0;
				TARGETED_DEVICE_FAMILY = "1,2";
			};
			name = Release;
		};
		D8045562281A17F20051067E /* Debug */ = {
			isa = XCBuildConfiguration;
			buildSettings = {
				ALWAYS_EMBED_SWIFT_STANDARD_LIBRARIES = YES;
				BUNDLE_LOADER = "$(TEST_HOST)";
				CODE_SIGN_STYLE = Automatic;
				CURRENT_PROJECT_VERSION = 1;
				GENERATE_INFOPLIST_FILE = YES;
				IPHONEOS_DEPLOYMENT_TARGET = 15.4;
				MARKETING_VERSION = 1.0;
				PRODUCT_BUNDLE_IDENTIFIER = kr.root.CalulatorTests;
				PRODUCT_NAME = "$(TARGET_NAME)";
				SWIFT_EMIT_LOC_STRINGS = NO;
				SWIFT_VERSION = 5.0;
				TARGETED_DEVICE_FAMILY = "1,2";
				TEST_HOST = "$(BUILT_PRODUCTS_DIR)/Calulator.app/Calulator";
			};
			name = Debug;
		};
		D8045563281A17F20051067E /* Release */ = {
			isa = XCBuildConfiguration;
			buildSettings = {
				ALWAYS_EMBED_SWIFT_STANDARD_LIBRARIES = YES;
				BUNDLE_LOADER = "$(TEST_HOST)";
				CODE_SIGN_STYLE = Automatic;
				CURRENT_PROJECT_VERSION = 1;
				GENERATE_INFOPLIST_FILE = YES;
				IPHONEOS_DEPLOYMENT_TARGET = 15.4;
				MARKETING_VERSION = 1.0;
				PRODUCT_BUNDLE_IDENTIFIER = kr.root.CalulatorTests;
				PRODUCT_NAME = "$(TARGET_NAME)";
				SWIFT_EMIT_LOC_STRINGS = NO;
				SWIFT_VERSION = 5.0;
				TARGETED_DEVICE_FAMILY = "1,2";
				TEST_HOST = "$(BUILT_PRODUCTS_DIR)/Calulator.app/Calulator";
			};
			name = Release;
		};
		D8045565281A17F20051067E /* Debug */ = {
			isa = XCBuildConfiguration;
			buildSettings = {
				ALWAYS_EMBED_SWIFT_STANDARD_LIBRARIES = YES;
				CODE_SIGN_STYLE = Automatic;
				CURRENT_PROJECT_VERSION = 1;
				GENERATE_INFOPLIST_FILE = YES;
				MARKETING_VERSION = 1.0;
				PRODUCT_BUNDLE_IDENTIFIER = kr.root.CalulatorUITests;
				PRODUCT_NAME = "$(TARGET_NAME)";
				SWIFT_EMIT_LOC_STRINGS = NO;
				SWIFT_VERSION = 5.0;
				TARGETED_DEVICE_FAMILY = "1,2";
				TEST_TARGET_NAME = Calulator;
			};
			name = Debug;
		};
		D8045566281A17F20051067E /* Release */ = {
			isa = XCBuildConfiguration;
			buildSettings = {
				ALWAYS_EMBED_SWIFT_STANDARD_LIBRARIES = YES;
				CODE_SIGN_STYLE = Automatic;
				CURRENT_PROJECT_VERSION = 1;
				GENERATE_INFOPLIST_FILE = YES;
				MARKETING_VERSION = 1.0;
				PRODUCT_BUNDLE_IDENTIFIER = kr.root.CalulatorUITests;
				PRODUCT_NAME = "$(TARGET_NAME)";
				SWIFT_EMIT_LOC_STRINGS = NO;
				SWIFT_VERSION = 5.0;
				TARGETED_DEVICE_FAMILY = "1,2";
				TEST_TARGET_NAME = Calulator;
			};
			name = Release;
		};
/* End XCBuildConfiguration section */

/* Begin XCConfigurationList section */
		D804552F281A17F00051067E /* Build configuration list for PBXProject "Calulator" */ = {
			isa = XCConfigurationList;
			buildConfigurations = (
				D804555C281A17F20051067E /* Debug */,
				D804555D281A17F20051067E /* Release */,
			);
			defaultConfigurationIsVisible = 0;
			defaultConfigurationName = Release;
		};
		D804555E281A17F20051067E /* Build configuration list for PBXNativeTarget "Calulator" */ = {
			isa = XCConfigurationList;
			buildConfigurations = (
				D804555F281A17F20051067E /* Debug */,
				D8045560281A17F20051067E /* Release */,
			);
			defaultConfigurationIsVisible = 0;
			defaultConfigurationName = Release;
		};
		D8045561281A17F20051067E /* Build configuration list for PBXNativeTarget "CalulatorTests" */ = {
			isa = XCConfigurationList;
			buildConfigurations = (
				D8045562281A17F20051067E /* Debug */,
				D8045563281A17F20051067E /* Release */,
			);
			defaultConfigurationIsVisible = 0;
			defaultConfigurationName = Release;
		};
		D8045564281A17F20051067E /* Build configuration list for PBXNativeTarget "CalulatorUITests" */ = {
			isa = XCConfigurationList;
			buildConfigurations = (
				D8045565281A17F20051067E /* Debug */,
				D8045566281A17F20051067E /* Release */,
			);
			defaultConfigurationIsVisible = 0;
			defaultConfigurationName = Release;
		};
/* End XCConfigurationList section */
	};
	rootObject = D804552C281A17F00051067E /* Project object */;
}
