// !$*UTF8*$!
{
	archiveVersion = 1;
	classes = {
	};
	objectVersion = 55;
	objects = {

/* Begin PBXBuildFile section */
		D84801142816563D0041A6BD /* AppDelegate.swift in Sources */ = {isa = PBXBuildFile; fileRef = D84801132816563D0041A6BD /* AppDelegate.swift */; };
		D84801162816563D0041A6BD /* SceneDelegate.swift in Sources */ = {isa = PBXBuildFile; fileRef = D84801152816563D0041A6BD /* SceneDelegate.swift */; };
		D84801182816563D0041A6BD /* ViewController.swift in Sources */ = {isa = PBXBuildFile; fileRef = D84801172816563D0041A6BD /* ViewController.swift */; };
		D848011B2816563D0041A6BD /* Main.storyboard in Resources */ = {isa = PBXBuildFile; fileRef = D84801192816563D0041A6BD /* Main.storyboard */; };
		D848011D281656420041A6BD /* Assets.xcassets in Resources */ = {isa = PBXBuildFile; fileRef = D848011C281656420041A6BD /* Assets.xcassets */; };
		D8480120281656420041A6BD /* LaunchScreen.storyboard in Resources */ = {isa = PBXBuildFile; fileRef = D848011E281656420041A6BD /* LaunchScreen.storyboard */; };
		D848012B281656420041A6BD /* RockPaperScissorTests.swift in Sources */ = {isa = PBXBuildFile; fileRef = D848012A281656420041A6BD /* RockPaperScissorTests.swift */; };
		D8480135281656420041A6BD /* RockPaperScissorUITests.swift in Sources */ = {isa = PBXBuildFile; fileRef = D8480134281656420041A6BD /* RockPaperScissorUITests.swift */; };
		D8480137281656420041A6BD /* RockPaperScissorUITestsLaunchTests.swift in Sources */ = {isa = PBXBuildFile; fileRef = D8480136281656420041A6BD /* RockPaperScissorUITestsLaunchTests.swift */; };
/* End PBXBuildFile section */

/* Begin PBXContainerItemProxy section */
		D8480127281656420041A6BD /* PBXContainerItemProxy */ = {
			isa = PBXContainerItemProxy;
			containerPortal = D84801082816563D0041A6BD /* Project object */;
			proxyType = 1;
			remoteGlobalIDString = D848010F2816563D0041A6BD;
			remoteInfo = RockPaperScissor;
		};
		D8480131281656420041A6BD /* PBXContainerItemProxy */ = {
			isa = PBXContainerItemProxy;
			containerPortal = D84801082816563D0041A6BD /* Project object */;
			proxyType = 1;
			remoteGlobalIDString = D848010F2816563D0041A6BD;
			remoteInfo = RockPaperScissor;
		};
/* End PBXContainerItemProxy section */

/* Begin PBXFileReference section */
		D84801102816563D0041A6BD /* RockPaperScissor.app */ = {isa = PBXFileReference; explicitFileType = wrapper.application; includeInIndex = 0; path = RockPaperScissor.app; sourceTree = BUILT_PRODUCTS_DIR; };
		D84801132816563D0041A6BD /* AppDelegate.swift */ = {isa = PBXFileReference; lastKnownFileType = sourcecode.swift; path = AppDelegate.swift; sourceTree = "<group>"; };
		D84801152816563D0041A6BD /* SceneDelegate.swift */ = {isa = PBXFileReference; lastKnownFileType = sourcecode.swift; path = SceneDelegate.swift; sourceTree = "<group>"; };
		D84801172816563D0041A6BD /* ViewController.swift */ = {isa = PBXFileReference; lastKnownFileType = sourcecode.swift; path = ViewController.swift; sourceTree = "<group>"; };
		D848011A2816563D0041A6BD /* Base */ = {isa = PBXFileReference; lastKnownFileType = file.storyboard; name = Base; path = Base.lproj/Main.storyboard; sourceTree = "<group>"; };
		D848011C281656420041A6BD /* Assets.xcassets */ = {isa = PBXFileReference; lastKnownFileType = folder.assetcatalog; path = Assets.xcassets; sourceTree = "<group>"; };
		D848011F281656420041A6BD /* Base */ = {isa = PBXFileReference; lastKnownFileType = file.storyboard; name = Base; path = Base.lproj/LaunchScreen.storyboard; sourceTree = "<group>"; };
		D8480121281656420041A6BD /* Info.plist */ = {isa = PBXFileReference; lastKnownFileType = text.plist.xml; path = Info.plist; sourceTree = "<group>"; };
		D8480126281656420041A6BD /* RockPaperScissorTests.xctest */ = {isa = PBXFileReference; explicitFileType = wrapper.cfbundle; includeInIndex = 0; path = RockPaperScissorTests.xctest; sourceTree = BUILT_PRODUCTS_DIR; };
		D848012A281656420041A6BD /* RockPaperScissorTests.swift */ = {isa = PBXFileReference; lastKnownFileType = sourcecode.swift; path = RockPaperScissorTests.swift; sourceTree = "<group>"; };
		D8480130281656420041A6BD /* RockPaperScissorUITests.xctest */ = {isa = PBXFileReference; explicitFileType = wrapper.cfbundle; includeInIndex = 0; path = RockPaperScissorUITests.xctest; sourceTree = BUILT_PRODUCTS_DIR; };
		D8480134281656420041A6BD /* RockPaperScissorUITests.swift */ = {isa = PBXFileReference; lastKnownFileType = sourcecode.swift; path = RockPaperScissorUITests.swift; sourceTree = "<group>"; };
		D8480136281656420041A6BD /* RockPaperScissorUITestsLaunchTests.swift */ = {isa = PBXFileReference; lastKnownFileType = sourcecode.swift; path = RockPaperScissorUITestsLaunchTests.swift; sourceTree = "<group>"; };
/* End PBXFileReference section */

/* Begin PBXFrameworksBuildPhase section */
		D848010D2816563D0041A6BD /* Frameworks */ = {
			isa = PBXFrameworksBuildPhase;
			buildActionMask = 2147483647;
			files = (
			);
			runOnlyForDeploymentPostprocessing = 0;
		};
		D8480123281656420041A6BD /* Frameworks */ = {
			isa = PBXFrameworksBuildPhase;
			buildActionMask = 2147483647;
			files = (
			);
			runOnlyForDeploymentPostprocessing = 0;
		};
		D848012D281656420041A6BD /* Frameworks */ = {
			isa = PBXFrameworksBuildPhase;
			buildActionMask = 2147483647;
			files = (
			);
			runOnlyForDeploymentPostprocessing = 0;
		};
/* End PBXFrameworksBuildPhase section */

/* Begin PBXGroup section */
		D84801072816563D0041A6BD = {
			isa = PBXGroup;
			children = (
				D84801122816563D0041A6BD /* RockPaperScissor */,
				D8480129281656420041A6BD /* RockPaperScissorTests */,
				D8480133281656420041A6BD /* RockPaperScissorUITests */,
				D84801112816563D0041A6BD /* Products */,
			);
			sourceTree = "<group>";
		};
		D84801112816563D0041A6BD /* Products */ = {
			isa = PBXGroup;
			children = (
				D84801102816563D0041A6BD /* RockPaperScissor.app */,
				D8480126281656420041A6BD /* RockPaperScissorTests.xctest */,
				D8480130281656420041A6BD /* RockPaperScissorUITests.xctest */,
			);
			name = Products;
			sourceTree = "<group>";
		};
		D84801122816563D0041A6BD /* RockPaperScissor */ = {
			isa = PBXGroup;
			children = (
				D84801132816563D0041A6BD /* AppDelegate.swift */,
				D84801152816563D0041A6BD /* SceneDelegate.swift */,
				D84801172816563D0041A6BD /* ViewController.swift */,
				D84801192816563D0041A6BD /* Main.storyboard */,
				D848011C281656420041A6BD /* Assets.xcassets */,
				D848011E281656420041A6BD /* LaunchScreen.storyboard */,
				D8480121281656420041A6BD /* Info.plist */,
			);
			path = RockPaperScissor;
			sourceTree = "<group>";
		};
		D8480129281656420041A6BD /* RockPaperScissorTests */ = {
			isa = PBXGroup;
			children = (
				D848012A281656420041A6BD /* RockPaperScissorTests.swift */,
			);
			path = RockPaperScissorTests;
			sourceTree = "<group>";
		};
		D8480133281656420041A6BD /* RockPaperScissorUITests */ = {
			isa = PBXGroup;
			children = (
				D8480134281656420041A6BD /* RockPaperScissorUITests.swift */,
				D8480136281656420041A6BD /* RockPaperScissorUITestsLaunchTests.swift */,
			);
			path = RockPaperScissorUITests;
			sourceTree = "<group>";
		};
/* End PBXGroup section */

/* Begin PBXNativeTarget section */
		D848010F2816563D0041A6BD /* RockPaperScissor */ = {
			isa = PBXNativeTarget;
			buildConfigurationList = D848013A281656420041A6BD /* Build configuration list for PBXNativeTarget "RockPaperScissor" */;
			buildPhases = (
				D848010C2816563D0041A6BD /* Sources */,
				D848010D2816563D0041A6BD /* Frameworks */,
				D848010E2816563D0041A6BD /* Resources */,
			);
			buildRules = (
			);
			dependencies = (
			);
			name = RockPaperScissor;
			productName = RockPaperScissor;
			productReference = D84801102816563D0041A6BD /* RockPaperScissor.app */;
			productType = "com.apple.product-type.application";
		};
		D8480125281656420041A6BD /* RockPaperScissorTests */ = {
			isa = PBXNativeTarget;
			buildConfigurationList = D848013D281656420041A6BD /* Build configuration list for PBXNativeTarget "RockPaperScissorTests" */;
			buildPhases = (
				D8480122281656420041A6BD /* Sources */,
				D8480123281656420041A6BD /* Frameworks */,
				D8480124281656420041A6BD /* Resources */,
			);
			buildRules = (
			);
			dependencies = (
				D8480128281656420041A6BD /* PBXTargetDependency */,
			);
			name = RockPaperScissorTests;
			productName = RockPaperScissorTests;
			productReference = D8480126281656420041A6BD /* RockPaperScissorTests.xctest */;
			productType = "com.apple.product-type.bundle.unit-test";
		};
		D848012F281656420041A6BD /* RockPaperScissorUITests */ = {
			isa = PBXNativeTarget;
			buildConfigurationList = D8480140281656420041A6BD /* Build configuration list for PBXNativeTarget "RockPaperScissorUITests" */;
			buildPhases = (
				D848012C281656420041A6BD /* Sources */,
				D848012D281656420041A6BD /* Frameworks */,
				D848012E281656420041A6BD /* Resources */,
			);
			buildRules = (
			);
			dependencies = (
				D8480132281656420041A6BD /* PBXTargetDependency */,
			);
			name = RockPaperScissorUITests;
			productName = RockPaperScissorUITests;
			productReference = D8480130281656420041A6BD /* RockPaperScissorUITests.xctest */;
			productType = "com.apple.product-type.bundle.ui-testing";
		};
/* End PBXNativeTarget section */

/* Begin PBXProject section */
		D84801082816563D0041A6BD /* Project object */ = {
			isa = PBXProject;
			attributes = {
				BuildIndependentTargetsInParallel = 1;
				LastSwiftUpdateCheck = 1330;
				LastUpgradeCheck = 1330;
				TargetAttributes = {
					D848010F2816563D0041A6BD = {
						CreatedOnToolsVersion = 13.3;
					};
					D8480125281656420041A6BD = {
						CreatedOnToolsVersion = 13.3;
						TestTargetID = D848010F2816563D0041A6BD;
					};
					D848012F281656420041A6BD = {
						CreatedOnToolsVersion = 13.3;
						TestTargetID = D848010F2816563D0041A6BD;
					};
				};
			};
			buildConfigurationList = D848010B2816563D0041A6BD /* Build configuration list for PBXProject "RockPaperScissor" */;
			compatibilityVersion = "Xcode 13.0";
			developmentRegion = en;
			hasScannedForEncodings = 0;
			knownRegions = (
				en,
				Base,
			);
			mainGroup = D84801072816563D0041A6BD;
			productRefGroup = D84801112816563D0041A6BD /* Products */;
			projectDirPath = "";
			projectRoot = "";
			targets = (
				D848010F2816563D0041A6BD /* RockPaperScissor */,
				D8480125281656420041A6BD /* RockPaperScissorTests */,
				D848012F281656420041A6BD /* RockPaperScissorUITests */,
			);
		};
/* End PBXProject section */

/* Begin PBXResourcesBuildPhase section */
		D848010E2816563D0041A6BD /* Resources */ = {
			isa = PBXResourcesBuildPhase;
			buildActionMask = 2147483647;
			files = (
				D8480120281656420041A6BD /* LaunchScreen.storyboard in Resources */,
				D848011D281656420041A6BD /* Assets.xcassets in Resources */,
				D848011B2816563D0041A6BD /* Main.storyboard in Resources */,
			);
			runOnlyForDeploymentPostprocessing = 0;
		};
		D8480124281656420041A6BD /* Resources */ = {
			isa = PBXResourcesBuildPhase;
			buildActionMask = 2147483647;
			files = (
			);
			runOnlyForDeploymentPostprocessing = 0;
		};
		D848012E281656420041A6BD /* Resources */ = {
			isa = PBXResourcesBuildPhase;
			buildActionMask = 2147483647;
			files = (
			);
			runOnlyForDeploymentPostprocessing = 0;
		};
/* End PBXResourcesBuildPhase section */

/* Begin PBXSourcesBuildPhase section */
		D848010C2816563D0041A6BD /* Sources */ = {
			isa = PBXSourcesBuildPhase;
			buildActionMask = 2147483647;
			files = (
				D84801182816563D0041A6BD /* ViewController.swift in Sources */,
				D84801142816563D0041A6BD /* AppDelegate.swift in Sources */,
				D84801162816563D0041A6BD /* SceneDelegate.swift in Sources */,
			);
			runOnlyForDeploymentPostprocessing = 0;
		};
		D8480122281656420041A6BD /* Sources */ = {
			isa = PBXSourcesBuildPhase;
			buildActionMask = 2147483647;
			files = (
				D848012B281656420041A6BD /* RockPaperScissorTests.swift in Sources */,
			);
			runOnlyForDeploymentPostprocessing = 0;
		};
		D848012C281656420041A6BD /* Sources */ = {
			isa = PBXSourcesBuildPhase;
			buildActionMask = 2147483647;
			files = (
				D8480135281656420041A6BD /* RockPaperScissorUITests.swift in Sources */,
				D8480137281656420041A6BD /* RockPaperScissorUITestsLaunchTests.swift in Sources */,
			);
			runOnlyForDeploymentPostprocessing = 0;
		};
/* End PBXSourcesBuildPhase section */

/* Begin PBXTargetDependency section */
		D8480128281656420041A6BD /* PBXTargetDependency */ = {
			isa = PBXTargetDependency;
			target = D848010F2816563D0041A6BD /* RockPaperScissor */;
			targetProxy = D8480127281656420041A6BD /* PBXContainerItemProxy */;
		};
		D8480132281656420041A6BD /* PBXTargetDependency */ = {
			isa = PBXTargetDependency;
			target = D848010F2816563D0041A6BD /* RockPaperScissor */;
			targetProxy = D8480131281656420041A6BD /* PBXContainerItemProxy */;
		};
/* End PBXTargetDependency section */

/* Begin PBXVariantGroup section */
		D84801192816563D0041A6BD /* Main.storyboard */ = {
			isa = PBXVariantGroup;
			children = (
				D848011A2816563D0041A6BD /* Base */,
			);
			name = Main.storyboard;
			sourceTree = "<group>";
		};
		D848011E281656420041A6BD /* LaunchScreen.storyboard */ = {
			isa = PBXVariantGroup;
			children = (
				D848011F281656420041A6BD /* Base */,
			);
			name = LaunchScreen.storyboard;
			sourceTree = "<group>";
		};
/* End PBXVariantGroup section */

/* Begin XCBuildConfiguration section */
		D8480138281656420041A6BD /* Debug */ = {
			isa = XCBuildConfiguration;
			buildSettings = {
				ALWAYS_SEARCH_USER_PATHS = NO;
				CLANG_ANALYZER_NONNULL = YES;
				CLANG_ANALYZER_NUMBER_OBJECT_CONVERSION = YES_AGGRESSIVE;
				CLANG_CXX_LANGUAGE_STANDARD = "gnu++17";
				CLANG_ENABLE_MODULES = YES;
				CLANG_ENABLE_OBJC_ARC = YES;
				CLANG_ENABLE_OBJC_WEAK = YES;
				CLANG_WARN_BLOCK_CAPTURE_AUTORELEASING = YES;
				CLANG_WARN_BOOL_CONVERSION = YES;
				CLANG_WARN_COMMA = YES;
				CLANG_WARN_CONSTANT_CONVERSION = YES;
				CLANG_WARN_DEPRECATED_OBJC_IMPLEMENTATIONS = YES;
				CLANG_WARN_DIRECT_OBJC_ISA_USAGE = YES_ERROR;
				CLANG_WARN_DOCUMENTATION_COMMENTS = YES;
				CLANG_WARN_EMPTY_BODY = YES;
				CLANG_WARN_ENUM_CONVERSION = YES;
				CLANG_WARN_INFINITE_RECURSION = YES;
				CLANG_WARN_INT_CONVERSION = YES;
				CLANG_WARN_NON_LITERAL_NULL_CONVERSION = YES;
				CLANG_WARN_OBJC_IMPLICIT_RETAIN_SELF = YES;
				CLANG_WARN_OBJC_LITERAL_CONVERSION = YES;
				CLANG_WARN_OBJC_ROOT_CLASS = YES_ERROR;
				CLANG_WARN_QUOTED_INCLUDE_IN_FRAMEWORK_HEADER = YES;
				CLANG_WARN_RANGE_LOOP_ANALYSIS = YES;
				CLANG_WARN_STRICT_PROTOTYPES = YES;
				CLANG_WARN_SUSPICIOUS_MOVE = YES;
				CLANG_WARN_UNGUARDED_AVAILABILITY = YES_AGGRESSIVE;
				CLANG_WARN_UNREACHABLE_CODE = YES;
				CLANG_WARN__DUPLICATE_METHOD_MATCH = YES;
				COPY_PHASE_STRIP = NO;
				DEBUG_INFORMATION_FORMAT = dwarf;
				ENABLE_STRICT_OBJC_MSGSEND = YES;
				ENABLE_TESTABILITY = YES;
				GCC_C_LANGUAGE_STANDARD = gnu11;
				GCC_DYNAMIC_NO_PIC = NO;
				GCC_NO_COMMON_BLOCKS = YES;
				GCC_OPTIMIZATION_LEVEL = 0;
				GCC_PREPROCESSOR_DEFINITIONS = (
					"DEBUG=1",
					"$(inherited)",
				);
				GCC_WARN_64_TO_32_BIT_CONVERSION = YES;
				GCC_WARN_ABOUT_RETURN_TYPE = YES_ERROR;
				GCC_WARN_UNDECLARED_SELECTOR = YES;
				GCC_WARN_UNINITIALIZED_AUTOS = YES_AGGRESSIVE;
				GCC_WARN_UNUSED_FUNCTION = YES;
				GCC_WARN_UNUSED_VARIABLE = YES;
				IPHONEOS_DEPLOYMENT_TARGET = 15.4;
				MTL_ENABLE_DEBUG_INFO = INCLUDE_SOURCE;
				MTL_FAST_MATH = YES;
				ONLY_ACTIVE_ARCH = YES;
				SDKROOT = iphoneos;
				SWIFT_ACTIVE_COMPILATION_CONDITIONS = DEBUG;
				SWIFT_OPTIMIZATION_LEVEL = "-Onone";
			};
			name = Debug;
		};
		D8480139281656420041A6BD /* Release */ = {
			isa = XCBuildConfiguration;
			buildSettings = {
				ALWAYS_SEARCH_USER_PATHS = NO;
				CLANG_ANALYZER_NONNULL = YES;
				CLANG_ANALYZER_NUMBER_OBJECT_CONVERSION = YES_AGGRESSIVE;
				CLANG_CXX_LANGUAGE_STANDARD = "gnu++17";
				CLANG_ENABLE_MODULES = YES;
				CLANG_ENABLE_OBJC_ARC = YES;
				CLANG_ENABLE_OBJC_WEAK = YES;
				CLANG_WARN_BLOCK_CAPTURE_AUTORELEASING = YES;
				CLANG_WARN_BOOL_CONVERSION = YES;
				CLANG_WARN_COMMA = YES;
				CLANG_WARN_CONSTANT_CONVERSION = YES;
				CLANG_WARN_DEPRECATED_OBJC_IMPLEMENTATIONS = YES;
				CLANG_WARN_DIRECT_OBJC_ISA_USAGE = YES_ERROR;
				CLANG_WARN_DOCUMENTATION_COMMENTS = YES;
				CLANG_WARN_EMPTY_BODY = YES;
				CLANG_WARN_ENUM_CONVERSION = YES;
				CLANG_WARN_INFINITE_RECURSION = YES;
				CLANG_WARN_INT_CONVERSION = YES;
				CLANG_WARN_NON_LITERAL_NULL_CONVERSION = YES;
				CLANG_WARN_OBJC_IMPLICIT_RETAIN_SELF = YES;
				CLANG_WARN_OBJC_LITERAL_CONVERSION = YES;
				CLANG_WARN_OBJC_ROOT_CLASS = YES_ERROR;
				CLANG_WARN_QUOTED_INCLUDE_IN_FRAMEWORK_HEADER = YES;
				CLANG_WARN_RANGE_LOOP_ANALYSIS = YES;
				CLANG_WARN_STRICT_PROTOTYPES = YES;
				CLANG_WARN_SUSPICIOUS_MOVE = YES;
				CLANG_WARN_UNGUARDED_AVAILABILITY = YES_AGGRESSIVE;
				CLANG_WARN_UNREACHABLE_CODE = YES;
				CLANG_WARN__DUPLICATE_METHOD_MATCH = YES;
				COPY_PHASE_STRIP = NO;
				DEBUG_INFORMATION_FORMAT = "dwarf-with-dsym";
				ENABLE_NS_ASSERTIONS = NO;
				ENABLE_STRICT_OBJC_MSGSEND = YES;
				GCC_C_LANGUAGE_STANDARD = gnu11;
				GCC_NO_COMMON_BLOCKS = YES;
				GCC_WARN_64_TO_32_BIT_CONVERSION = YES;
				GCC_WARN_ABOUT_RETURN_TYPE = YES_ERROR;
				GCC_WARN_UNDECLARED_SELECTOR = YES;
				GCC_WARN_UNINITIALIZED_AUTOS = YES_AGGRESSIVE;
				GCC_WARN_UNUSED_FUNCTION = YES;
				GCC_WARN_UNUSED_VARIABLE = YES;
				IPHONEOS_DEPLOYMENT_TARGET = 15.4;
				MTL_ENABLE_DEBUG_INFO = NO;
				MTL_FAST_MATH = YES;
				SDKROOT = iphoneos;
				SWIFT_COMPILATION_MODE = wholemodule;
				SWIFT_OPTIMIZATION_LEVEL = "-O";
				VALIDATE_PRODUCT = YES;
			};
			name = Release;
		};
		D848013B281656420041A6BD /* Debug */ = {
			isa = XCBuildConfiguration;
			buildSettings = {
				ASSETCATALOG_COMPILER_APPICON_NAME = AppIcon;
				ASSETCATALOG_COMPILER_GLOBAL_ACCENT_COLOR_NAME = AccentColor;
				CODE_SIGN_STYLE = Automatic;
				CURRENT_PROJECT_VERSION = 1;
				GENERATE_INFOPLIST_FILE = YES;
				INFOPLIST_FILE = RockPaperScissor/Info.plist;
				INFOPLIST_KEY_UIApplicationSupportsIndirectInputEvents = YES;
				INFOPLIST_KEY_UILaunchStoryboardName = LaunchScreen;
				INFOPLIST_KEY_UIMainStoryboardFile = Main;
				INFOPLIST_KEY_UISupportedInterfaceOrientations_iPad = "UIInterfaceOrientationPortrait UIInterfaceOrientationPortraitUpsideDown UIInterfaceOrientationLandscapeLeft UIInterfaceOrientationLandscapeRight";
				INFOPLIST_KEY_UISupportedInterfaceOrientations_iPhone = "UIInterfaceOrientationPortrait UIInterfaceOrientationLandscapeLeft UIInterfaceOrientationLandscapeRight";
				LD_RUNPATH_SEARCH_PATHS = (
					"$(inherited)",
					"@executable_path/Frameworks",
				);
				MARKETING_VERSION = 1.0;
				PRODUCT_BUNDLE_IDENTIFIER = kr.root.RockPaperScissor;
				PRODUCT_NAME = "$(TARGET_NAME)";
				SWIFT_EMIT_LOC_STRINGS = YES;
				SWIFT_VERSION = 5.0;
				TARGETED_DEVICE_FAMILY = "1,2";
			};
			name = Debug;
		};
		D848013C281656420041A6BD /* Release */ = {
			isa = XCBuildConfiguration;
			buildSettings = {
				ASSETCATALOG_COMPILER_APPICON_NAME = AppIcon;
				ASSETCATALOG_COMPILER_GLOBAL_ACCENT_COLOR_NAME = AccentColor;
				CODE_SIGN_STYLE = Automatic;
				CURRENT_PROJECT_VERSION = 1;
				GENERATE_INFOPLIST_FILE = YES;
				INFOPLIST_FILE = RockPaperScissor/Info.plist;
				INFOPLIST_KEY_UIApplicationSupportsIndirectInputEvents = YES;
				INFOPLIST_KEY_UILaunchStoryboardName = LaunchScreen;
				INFOPLIST_KEY_UIMainStoryboardFile = Main;
				INFOPLIST_KEY_UISupportedInterfaceOrientations_iPad = "UIInterfaceOrientationPortrait UIInterfaceOrientationPortraitUpsideDown UIInterfaceOrientationLandscapeLeft UIInterfaceOrientationLandscapeRight";
				INFOPLIST_KEY_UISupportedInterfaceOrientations_iPhone = "UIInterfaceOrientationPortrait UIInterfaceOrientationLandscapeLeft UIInterfaceOrientationLandscapeRight";
				LD_RUNPATH_SEARCH_PATHS = (
					"$(inherited)",
					"@executable_path/Frameworks",
				);
				MARKETING_VERSION = 1.0;
				PRODUCT_BUNDLE_IDENTIFIER = kr.root.RockPaperScissor;
				PRODUCT_NAME = "$(TARGET_NAME)";
				SWIFT_EMIT_LOC_STRINGS = YES;
				SWIFT_VERSION = 5.0;
				TARGETED_DEVICE_FAMILY = "1,2";
			};
			name = Release;
		};
		D848013E281656420041A6BD /* Debug */ = {
			isa = XCBuildConfiguration;
			buildSettings = {
				ALWAYS_EMBED_SWIFT_STANDARD_LIBRARIES = YES;
				BUNDLE_LOADER = "$(TEST_HOST)";
				CODE_SIGN_STYLE = Automatic;
				CURRENT_PROJECT_VERSION = 1;
				GENERATE_INFOPLIST_FILE = YES;
				IPHONEOS_DEPLOYMENT_TARGET = 15.4;
				MARKETING_VERSION = 1.0;
				PRODUCT_BUNDLE_IDENTIFIER = kr.root.RockPaperScissorTests;
				PRODUCT_NAME = "$(TARGET_NAME)";
				SWIFT_EMIT_LOC_STRINGS = NO;
				SWIFT_VERSION = 5.0;
				TARGETED_DEVICE_FAMILY = "1,2";
				TEST_HOST = "$(BUILT_PRODUCTS_DIR)/RockPaperScissor.app/RockPaperScissor";
			};
			name = Debug;
		};
		D848013F281656420041A6BD /* Release */ = {
			isa = XCBuildConfiguration;
			buildSettings = {
				ALWAYS_EMBED_SWIFT_STANDARD_LIBRARIES = YES;
				BUNDLE_LOADER = "$(TEST_HOST)";
				CODE_SIGN_STYLE = Automatic;
				CURRENT_PROJECT_VERSION = 1;
				GENERATE_INFOPLIST_FILE = YES;
				IPHONEOS_DEPLOYMENT_TARGET = 15.4;
				MARKETING_VERSION = 1.0;
				PRODUCT_BUNDLE_IDENTIFIER = kr.root.RockPaperScissorTests;
				PRODUCT_NAME = "$(TARGET_NAME)";
				SWIFT_EMIT_LOC_STRINGS = NO;
				SWIFT_VERSION = 5.0;
				TARGETED_DEVICE_FAMILY = "1,2";
				TEST_HOST = "$(BUILT_PRODUCTS_DIR)/RockPaperScissor.app/RockPaperScissor";
			};
			name = Release;
		};
		D8480141281656420041A6BD /* Debug */ = {
			isa = XCBuildConfiguration;
			buildSettings = {
				ALWAYS_EMBED_SWIFT_STANDARD_LIBRARIES = YES;
				CODE_SIGN_STYLE = Automatic;
				CURRENT_PROJECT_VERSION = 1;
				GENERATE_INFOPLIST_FILE = YES;
				MARKETING_VERSION = 1.0;
				PRODUCT_BUNDLE_IDENTIFIER = kr.root.RockPaperScissorUITests;
				PRODUCT_NAME = "$(TARGET_NAME)";
				SWIFT_EMIT_LOC_STRINGS = NO;
				SWIFT_VERSION = 5.0;
				TARGETED_DEVICE_FAMILY = "1,2";
				TEST_TARGET_NAME = RockPaperScissor;
			};
			name = Debug;
		};
		D8480142281656420041A6BD /* Release */ = {
			isa = XCBuildConfiguration;
			buildSettings = {
				ALWAYS_EMBED_SWIFT_STANDARD_LIBRARIES = YES;
				CODE_SIGN_STYLE = Automatic;
				CURRENT_PROJECT_VERSION = 1;
				GENERATE_INFOPLIST_FILE = YES;
				MARKETING_VERSION = 1.0;
				PRODUCT_BUNDLE_IDENTIFIER = kr.root.RockPaperScissorUITests;
				PRODUCT_NAME = "$(TARGET_NAME)";
				SWIFT_EMIT_LOC_STRINGS = NO;
				SWIFT_VERSION = 5.0;
				TARGETED_DEVICE_FAMILY = "1,2";
				TEST_TARGET_NAME = RockPaperScissor;
			};
			name = Release;
		};
/* End XCBuildConfiguration section */

/* Begin XCConfigurationList section */
		D848010B2816563D0041A6BD /* Build configuration list for PBXProject "RockPaperScissor" */ = {
			isa = XCConfigurationList;
			buildConfigurations = (
				D8480138281656420041A6BD /* Debug */,
				D8480139281656420041A6BD /* Release */,
			);
			defaultConfigurationIsVisible = 0;
			defaultConfigurationName = Release;
		};
		D848013A281656420041A6BD /* Build configuration list for PBXNativeTarget "RockPaperScissor" */ = {
			isa = XCConfigurationList;
			buildConfigurations = (
				D848013B281656420041A6BD /* Debug */,
				D848013C281656420041A6BD /* Release */,
			);
			defaultConfigurationIsVisible = 0;
			defaultConfigurationName = Release;
		};
		D848013D281656420041A6BD /* Build configuration list for PBXNativeTarget "RockPaperScissorTests" */ = {
			isa = XCConfigurationList;
			buildConfigurations = (
				D848013E281656420041A6BD /* Debug */,
				D848013F281656420041A6BD /* Release */,
			);
			defaultConfigurationIsVisible = 0;
			defaultConfigurationName = Release;
		};
		D8480140281656420041A6BD /* Build configuration list for PBXNativeTarget "RockPaperScissorUITests" */ = {
			isa = XCConfigurationList;
			buildConfigurations = (
				D8480141281656420041A6BD /* Debug */,
				D8480142281656420041A6BD /* Release */,
			);
			defaultConfigurationIsVisible = 0;
			defaultConfigurationName = Release;
		};
/* End XCConfigurationList section */
	};
	rootObject = D84801082816563D0041A6BD /* Project object */;
}
