// !$*UTF8*$!
{
	archiveVersion = 1;
	classes = {
	};
	objectVersion = 55;
	objects = {

/* Begin PBXBuildFile section */
		D80454FC281A0C610051067E /* AppDelegate.swift in Sources */ = {isa = PBXBuildFile; fileRef = D80454FB281A0C610051067E /* AppDelegate.swift */; };
		D80454FE281A0C610051067E /* SceneDelegate.swift in Sources */ = {isa = PBXBuildFile; fileRef = D80454FD281A0C610051067E /* SceneDelegate.swift */; };
		D8045500281A0C610051067E /* ViewController.swift in Sources */ = {isa = PBXBuildFile; fileRef = D80454FF281A0C610051067E /* ViewController.swift */; };
		D8045503281A0C610051067E /* Main.storyboard in Resources */ = {isa = PBXBuildFile; fileRef = D8045501281A0C610051067E /* Main.storyboard */; };
		D8045505281A0C630051067E /* Assets.xcassets in Resources */ = {isa = PBXBuildFile; fileRef = D8045504281A0C630051067E /* Assets.xcassets */; };
		D8045508281A0C630051067E /* LaunchScreen.storyboard in Resources */ = {isa = PBXBuildFile; fileRef = D8045506281A0C630051067E /* LaunchScreen.storyboard */; };
		D8045513281A0C630051067E /* AutoLayoutPracticeTests.swift in Sources */ = {isa = PBXBuildFile; fileRef = D8045512281A0C630051067E /* AutoLayoutPracticeTests.swift */; };
		D804551D281A0C630051067E /* AutoLayoutPracticeUITests.swift in Sources */ = {isa = PBXBuildFile; fileRef = D804551C281A0C630051067E /* AutoLayoutPracticeUITests.swift */; };
		D804551F281A0C630051067E /* AutoLayoutPracticeUITestsLaunchTests.swift in Sources */ = {isa = PBXBuildFile; fileRef = D804551E281A0C630051067E /* AutoLayoutPracticeUITestsLaunchTests.swift */; };
/* End PBXBuildFile section */

/* Begin PBXContainerItemProxy section */
		D804550F281A0C630051067E /* PBXContainerItemProxy */ = {
			isa = PBXContainerItemProxy;
			containerPortal = D80454F0281A0C610051067E /* Project object */;
			proxyType = 1;
			remoteGlobalIDString = D80454F7281A0C610051067E;
			remoteInfo = AutoLayoutPractice;
		};
		D8045519281A0C630051067E /* PBXContainerItemProxy */ = {
			isa = PBXContainerItemProxy;
			containerPortal = D80454F0281A0C610051067E /* Project object */;
			proxyType = 1;
			remoteGlobalIDString = D80454F7281A0C610051067E;
			remoteInfo = AutoLayoutPractice;
		};
/* End PBXContainerItemProxy section */

/* Begin PBXFileReference section */
		D80454F8281A0C610051067E /* AutoLayoutPractice.app */ = {isa = PBXFileReference; explicitFileType = wrapper.application; includeInIndex = 0; path = AutoLayoutPractice.app; sourceTree = BUILT_PRODUCTS_DIR; };
		D80454FB281A0C610051067E /* AppDelegate.swift */ = {isa = PBXFileReference; lastKnownFileType = sourcecode.swift; path = AppDelegate.swift; sourceTree = "<group>"; };
		D80454FD281A0C610051067E /* SceneDelegate.swift */ = {isa = PBXFileReference; lastKnownFileType = sourcecode.swift; path = SceneDelegate.swift; sourceTree = "<group>"; };
		D80454FF281A0C610051067E /* ViewController.swift */ = {isa = PBXFileReference; lastKnownFileType = sourcecode.swift; path = ViewController.swift; sourceTree = "<group>"; };
		D8045502281A0C610051067E /* Base */ = {isa = PBXFileReference; lastKnownFileType = file.storyboard; name = Base; path = Base.lproj/Main.storyboard; sourceTree = "<group>"; };
		D8045504281A0C630051067E /* Assets.xcassets */ = {isa = PBXFileReference; lastKnownFileType = folder.assetcatalog; path = Assets.xcassets; sourceTree = "<group>"; };
		D8045507281A0C630051067E /* Base */ = {isa = PBXFileReference; lastKnownFileType = file.storyboard; name = Base; path = Base.lproj/LaunchScreen.storyboard; sourceTree = "<group>"; };
		D8045509281A0C630051067E /* Info.plist */ = {isa = PBXFileReference; lastKnownFileType = text.plist.xml; path = Info.plist; sourceTree = "<group>"; };
		D804550E281A0C630051067E /* AutoLayoutPracticeTests.xctest */ = {isa = PBXFileReference; explicitFileType = wrapper.cfbundle; includeInIndex = 0; path = AutoLayoutPracticeTests.xctest; sourceTree = BUILT_PRODUCTS_DIR; };
		D8045512281A0C630051067E /* AutoLayoutPracticeTests.swift */ = {isa = PBXFileReference; lastKnownFileType = sourcecode.swift; path = AutoLayoutPracticeTests.swift; sourceTree = "<group>"; };
		D8045518281A0C630051067E /* AutoLayoutPracticeUITests.xctest */ = {isa = PBXFileReference; explicitFileType = wrapper.cfbundle; includeInIndex = 0; path = AutoLayoutPracticeUITests.xctest; sourceTree = BUILT_PRODUCTS_DIR; };
		D804551C281A0C630051067E /* AutoLayoutPracticeUITests.swift */ = {isa = PBXFileReference; lastKnownFileType = sourcecode.swift; path = AutoLayoutPracticeUITests.swift; sourceTree = "<group>"; };
		D804551E281A0C630051067E /* AutoLayoutPracticeUITestsLaunchTests.swift */ = {isa = PBXFileReference; lastKnownFileType = sourcecode.swift; path = AutoLayoutPracticeUITestsLaunchTests.swift; sourceTree = "<group>"; };
/* End PBXFileReference section */

/* Begin PBXFrameworksBuildPhase section */
		D80454F5281A0C610051067E /* Frameworks */ = {
			isa = PBXFrameworksBuildPhase;
			buildActionMask = 2147483647;
			files = (
			);
			runOnlyForDeploymentPostprocessing = 0;
		};
		D804550B281A0C630051067E /* Frameworks */ = {
			isa = PBXFrameworksBuildPhase;
			buildActionMask = 2147483647;
			files = (
			);
			runOnlyForDeploymentPostprocessing = 0;
		};
		D8045515281A0C630051067E /* Frameworks */ = {
			isa = PBXFrameworksBuildPhase;
			buildActionMask = 2147483647;
			files = (
			);
			runOnlyForDeploymentPostprocessing = 0;
		};
/* End PBXFrameworksBuildPhase section */

/* Begin PBXGroup section */
		D80454EF281A0C610051067E = {
			isa = PBXGroup;
			children = (
				D80454FA281A0C610051067E /* AutoLayoutPractice */,
				D8045511281A0C630051067E /* AutoLayoutPracticeTests */,
				D804551B281A0C630051067E /* AutoLayoutPracticeUITests */,
				D80454F9281A0C610051067E /* Products */,
			);
			sourceTree = "<group>";
		};
		D80454F9281A0C610051067E /* Products */ = {
			isa = PBXGroup;
			children = (
				D80454F8281A0C610051067E /* AutoLayoutPractice.app */,
				D804550E281A0C630051067E /* AutoLayoutPracticeTests.xctest */,
				D8045518281A0C630051067E /* AutoLayoutPracticeUITests.xctest */,
			);
			name = Products;
			sourceTree = "<group>";
		};
		D80454FA281A0C610051067E /* AutoLayoutPractice */ = {
			isa = PBXGroup;
			children = (
				D80454FB281A0C610051067E /* AppDelegate.swift */,
				D80454FD281A0C610051067E /* SceneDelegate.swift */,
				D80454FF281A0C610051067E /* ViewController.swift */,
				D8045501281A0C610051067E /* Main.storyboard */,
				D8045504281A0C630051067E /* Assets.xcassets */,
				D8045506281A0C630051067E /* LaunchScreen.storyboard */,
				D8045509281A0C630051067E /* Info.plist */,
			);
			path = AutoLayoutPractice;
			sourceTree = "<group>";
		};
		D8045511281A0C630051067E /* AutoLayoutPracticeTests */ = {
			isa = PBXGroup;
			children = (
				D8045512281A0C630051067E /* AutoLayoutPracticeTests.swift */,
			);
			path = AutoLayoutPracticeTests;
			sourceTree = "<group>";
		};
		D804551B281A0C630051067E /* AutoLayoutPracticeUITests */ = {
			isa = PBXGroup;
			children = (
				D804551C281A0C630051067E /* AutoLayoutPracticeUITests.swift */,
				D804551E281A0C630051067E /* AutoLayoutPracticeUITestsLaunchTests.swift */,
			);
			path = AutoLayoutPracticeUITests;
			sourceTree = "<group>";
		};
/* End PBXGroup section */

/* Begin PBXNativeTarget section */
		D80454F7281A0C610051067E /* AutoLayoutPractice */ = {
			isa = PBXNativeTarget;
			buildConfigurationList = D8045522281A0C630051067E /* Build configuration list for PBXNativeTarget "AutoLayoutPractice" */;
			buildPhases = (
				D80454F4281A0C610051067E /* Sources */,
				D80454F5281A0C610051067E /* Frameworks */,
				D80454F6281A0C610051067E /* Resources */,
			);
			buildRules = (
			);
			dependencies = (
			);
			name = AutoLayoutPractice;
			productName = AutoLayoutPractice;
			productReference = D80454F8281A0C610051067E /* AutoLayoutPractice.app */;
			productType = "com.apple.product-type.application";
		};
		D804550D281A0C630051067E /* AutoLayoutPracticeTests */ = {
			isa = PBXNativeTarget;
			buildConfigurationList = D8045525281A0C630051067E /* Build configuration list for PBXNativeTarget "AutoLayoutPracticeTests" */;
			buildPhases = (
				D804550A281A0C630051067E /* Sources */,
				D804550B281A0C630051067E /* Frameworks */,
				D804550C281A0C630051067E /* Resources */,
			);
			buildRules = (
			);
			dependencies = (
				D8045510281A0C630051067E /* PBXTargetDependency */,
			);
			name = AutoLayoutPracticeTests;
			productName = AutoLayoutPracticeTests;
			productReference = D804550E281A0C630051067E /* AutoLayoutPracticeTests.xctest */;
			productType = "com.apple.product-type.bundle.unit-test";
		};
		D8045517281A0C630051067E /* AutoLayoutPracticeUITests */ = {
			isa = PBXNativeTarget;
			buildConfigurationList = D8045528281A0C630051067E /* Build configuration list for PBXNativeTarget "AutoLayoutPracticeUITests" */;
			buildPhases = (
				D8045514281A0C630051067E /* Sources */,
				D8045515281A0C630051067E /* Frameworks */,
				D8045516281A0C630051067E /* Resources */,
			);
			buildRules = (
			);
			dependencies = (
				D804551A281A0C630051067E /* PBXTargetDependency */,
			);
			name = AutoLayoutPracticeUITests;
			productName = AutoLayoutPracticeUITests;
			productReference = D8045518281A0C630051067E /* AutoLayoutPracticeUITests.xctest */;
			productType = "com.apple.product-type.bundle.ui-testing";
		};
/* End PBXNativeTarget section */

/* Begin PBXProject section */
		D80454F0281A0C610051067E /* Project object */ = {
			isa = PBXProject;
			attributes = {
				BuildIndependentTargetsInParallel = 1;
				LastSwiftUpdateCheck = 1330;
				LastUpgradeCheck = 1330;
				TargetAttributes = {
					D80454F7281A0C610051067E = {
						CreatedOnToolsVersion = 13.3;
					};
					D804550D281A0C630051067E = {
						CreatedOnToolsVersion = 13.3;
						TestTargetID = D80454F7281A0C610051067E;
					};
					D8045517281A0C630051067E = {
						CreatedOnToolsVersion = 13.3;
						TestTargetID = D80454F7281A0C610051067E;
					};
				};
			};
			buildConfigurationList = D80454F3281A0C610051067E /* Build configuration list for PBXProject "AutoLayoutPractice" */;
			compatibilityVersion = "Xcode 13.0";
			developmentRegion = en;
			hasScannedForEncodings = 0;
			knownRegions = (
				en,
				Base,
			);
			mainGroup = D80454EF281A0C610051067E;
			productRefGroup = D80454F9281A0C610051067E /* Products */;
			projectDirPath = "";
			projectRoot = "";
			targets = (
				D80454F7281A0C610051067E /* AutoLayoutPractice */,
				D804550D281A0C630051067E /* AutoLayoutPracticeTests */,
				D8045517281A0C630051067E /* AutoLayoutPracticeUITests */,
			);
		};
/* End PBXProject section */

/* Begin PBXResourcesBuildPhase section */
		D80454F6281A0C610051067E /* Resources */ = {
			isa = PBXResourcesBuildPhase;
			buildActionMask = 2147483647;
			files = (
				D8045508281A0C630051067E /* LaunchScreen.storyboard in Resources */,
				D8045505281A0C630051067E /* Assets.xcassets in Resources */,
				D8045503281A0C610051067E /* Main.storyboard in Resources */,
			);
			runOnlyForDeploymentPostprocessing = 0;
		};
		D804550C281A0C630051067E /* Resources */ = {
			isa = PBXResourcesBuildPhase;
			buildActionMask = 2147483647;
			files = (
			);
			runOnlyForDeploymentPostprocessing = 0;
		};
		D8045516281A0C630051067E /* Resources */ = {
			isa = PBXResourcesBuildPhase;
			buildActionMask = 2147483647;
			files = (
			);
			runOnlyForDeploymentPostprocessing = 0;
		};
/* End PBXResourcesBuildPhase section */

/* Begin PBXSourcesBuildPhase section */
		D80454F4281A0C610051067E /* Sources */ = {
			isa = PBXSourcesBuildPhase;
			buildActionMask = 2147483647;
			files = (
				D8045500281A0C610051067E /* ViewController.swift in Sources */,
				D80454FC281A0C610051067E /* AppDelegate.swift in Sources */,
				D80454FE281A0C610051067E /* SceneDelegate.swift in Sources */,
			);
			runOnlyForDeploymentPostprocessing = 0;
		};
		D804550A281A0C630051067E /* Sources */ = {
			isa = PBXSourcesBuildPhase;
			buildActionMask = 2147483647;
			files = (
				D8045513281A0C630051067E /* AutoLayoutPracticeTests.swift in Sources */,
			);
			runOnlyForDeploymentPostprocessing = 0;
		};
		D8045514281A0C630051067E /* Sources */ = {
			isa = PBXSourcesBuildPhase;
			buildActionMask = 2147483647;
			files = (
				D804551F281A0C630051067E /* AutoLayoutPracticeUITestsLaunchTests.swift in Sources */,
				D804551D281A0C630051067E /* AutoLayoutPracticeUITests.swift in Sources */,
			);
			runOnlyForDeploymentPostprocessing = 0;
		};
/* End PBXSourcesBuildPhase section */

/* Begin PBXTargetDependency section */
		D8045510281A0C630051067E /* PBXTargetDependency */ = {
			isa = PBXTargetDependency;
			target = D80454F7281A0C610051067E /* AutoLayoutPractice */;
			targetProxy = D804550F281A0C630051067E /* PBXContainerItemProxy */;
		};
		D804551A281A0C630051067E /* PBXTargetDependency */ = {
			isa = PBXTargetDependency;
			target = D80454F7281A0C610051067E /* AutoLayoutPractice */;
			targetProxy = D8045519281A0C630051067E /* PBXContainerItemProxy */;
		};
/* End PBXTargetDependency section */

/* Begin PBXVariantGroup section */
		D8045501281A0C610051067E /* Main.storyboard */ = {
			isa = PBXVariantGroup;
			children = (
				D8045502281A0C610051067E /* Base */,
			);
			name = Main.storyboard;
			sourceTree = "<group>";
		};
		D8045506281A0C630051067E /* LaunchScreen.storyboard */ = {
			isa = PBXVariantGroup;
			children = (
				D8045507281A0C630051067E /* Base */,
			);
			name = LaunchScreen.storyboard;
			sourceTree = "<group>";
		};
/* End PBXVariantGroup section */

/* Begin XCBuildConfiguration section */
		D8045520281A0C630051067E /* Debug */ = {
			isa = XCBuildConfiguration;
			buildSettings = {
				ALWAYS_SEARCH_USER_PATHS = NO;
				CLANG_ANALYZER_NONNULL = YES;
				CLANG_ANALYZER_NUMBER_OBJECT_CONVERSION = YES_AGGRESSIVE;
				CLANG_CXX_LANGUAGE_STANDARD = "gnu++17";
				CLANG_ENABLE_MODULES = YES;
				CLANG_ENABLE_OBJC_ARC = YES;
				CLANG_ENABLE_OBJC_WEAK = YES;
				CLANG_WARN_BLOCK_CAPTURE_AUTORELEASING = YES;
				CLANG_WARN_BOOL_CONVERSION = YES;
				CLANG_WARN_COMMA = YES;
				CLANG_WARN_CONSTANT_CONVERSION = YES;
				CLANG_WARN_DEPRECATED_OBJC_IMPLEMENTATIONS = YES;
				CLANG_WARN_DIRECT_OBJC_ISA_USAGE = YES_ERROR;
				CLANG_WARN_DOCUMENTATION_COMMENTS = YES;
				CLANG_WARN_EMPTY_BODY = YES;
				CLANG_WARN_ENUM_CONVERSION = YES;
				CLANG_WARN_INFINITE_RECURSION = YES;
				CLANG_WARN_INT_CONVERSION = YES;
				CLANG_WARN_NON_LITERAL_NULL_CONVERSION = YES;
				CLANG_WARN_OBJC_IMPLICIT_RETAIN_SELF = YES;
				CLANG_WARN_OBJC_LITERAL_CONVERSION = YES;
				CLANG_WARN_OBJC_ROOT_CLASS = YES_ERROR;
				CLANG_WARN_QUOTED_INCLUDE_IN_FRAMEWORK_HEADER = YES;
				CLANG_WARN_RANGE_LOOP_ANALYSIS = YES;
				CLANG_WARN_STRICT_PROTOTYPES = YES;
				CLANG_WARN_SUSPICIOUS_MOVE = YES;
				CLANG_WARN_UNGUARDED_AVAILABILITY = YES_AGGRESSIVE;
				CLANG_WARN_UNREACHABLE_CODE = YES;
				CLANG_WARN__DUPLICATE_METHOD_MATCH = YES;
				COPY_PHASE_STRIP = NO;
				DEBUG_INFORMATION_FORMAT = dwarf;
				ENABLE_STRICT_OBJC_MSGSEND = YES;
				ENABLE_TESTABILITY = YES;
				GCC_C_LANGUAGE_STANDARD = gnu11;
				GCC_DYNAMIC_NO_PIC = NO;
				GCC_NO_COMMON_BLOCKS = YES;
				GCC_OPTIMIZATION_LEVEL = 0;
				GCC_PREPROCESSOR_DEFINITIONS = (
					"DEBUG=1",
					"$(inherited)",
				);
				GCC_WARN_64_TO_32_BIT_CONVERSION = YES;
				GCC_WARN_ABOUT_RETURN_TYPE = YES_ERROR;
				GCC_WARN_UNDECLARED_SELECTOR = YES;
				GCC_WARN_UNINITIALIZED_AUTOS = YES_AGGRESSIVE;
				GCC_WARN_UNUSED_FUNCTION = YES;
				GCC_WARN_UNUSED_VARIABLE = YES;
				IPHONEOS_DEPLOYMENT_TARGET = 15.4;
				MTL_ENABLE_DEBUG_INFO = INCLUDE_SOURCE;
				MTL_FAST_MATH = YES;
				ONLY_ACTIVE_ARCH = YES;
				SDKROOT = iphoneos;
				SWIFT_ACTIVE_COMPILATION_CONDITIONS = DEBUG;
				SWIFT_OPTIMIZATION_LEVEL = "-Onone";
			};
			name = Debug;
		};
		D8045521281A0C630051067E /* Release */ = {
			isa = XCBuildConfiguration;
			buildSettings = {
				ALWAYS_SEARCH_USER_PATHS = NO;
				CLANG_ANALYZER_NONNULL = YES;
				CLANG_ANALYZER_NUMBER_OBJECT_CONVERSION = YES_AGGRESSIVE;
				CLANG_CXX_LANGUAGE_STANDARD = "gnu++17";
				CLANG_ENABLE_MODULES = YES;
				CLANG_ENABLE_OBJC_ARC = YES;
				CLANG_ENABLE_OBJC_WEAK = YES;
				CLANG_WARN_BLOCK_CAPTURE_AUTORELEASING = YES;
				CLANG_WARN_BOOL_CONVERSION = YES;
				CLANG_WARN_COMMA = YES;
				CLANG_WARN_CONSTANT_CONVERSION = YES;
				CLANG_WARN_DEPRECATED_OBJC_IMPLEMENTATIONS = YES;
				CLANG_WARN_DIRECT_OBJC_ISA_USAGE = YES_ERROR;
				CLANG_WARN_DOCUMENTATION_COMMENTS = YES;
				CLANG_WARN_EMPTY_BODY = YES;
				CLANG_WARN_ENUM_CONVERSION = YES;
				CLANG_WARN_INFINITE_RECURSION = YES;
				CLANG_WARN_INT_CONVERSION = YES;
				CLANG_WARN_NON_LITERAL_NULL_CONVERSION = YES;
				CLANG_WARN_OBJC_IMPLICIT_RETAIN_SELF = YES;
				CLANG_WARN_OBJC_LITERAL_CONVERSION = YES;
				CLANG_WARN_OBJC_ROOT_CLASS = YES_ERROR;
				CLANG_WARN_QUOTED_INCLUDE_IN_FRAMEWORK_HEADER = YES;
				CLANG_WARN_RANGE_LOOP_ANALYSIS = YES;
				CLANG_WARN_STRICT_PROTOTYPES = YES;
				CLANG_WARN_SUSPICIOUS_MOVE = YES;
				CLANG_WARN_UNGUARDED_AVAILABILITY = YES_AGGRESSIVE;
				CLANG_WARN_UNREACHABLE_CODE = YES;
				CLANG_WARN__DUPLICATE_METHOD_MATCH = YES;
				COPY_PHASE_STRIP = NO;
				DEBUG_INFORMATION_FORMAT = "dwarf-with-dsym";
				ENABLE_NS_ASSERTIONS = NO;
				ENABLE_STRICT_OBJC_MSGSEND = YES;
				GCC_C_LANGUAGE_STANDARD = gnu11;
				GCC_NO_COMMON_BLOCKS = YES;
				GCC_WARN_64_TO_32_BIT_CONVERSION = YES;
				GCC_WARN_ABOUT_RETURN_TYPE = YES_ERROR;
				GCC_WARN_UNDECLARED_SELECTOR = YES;
				GCC_WARN_UNINITIALIZED_AUTOS = YES_AGGRESSIVE;
				GCC_WARN_UNUSED_FUNCTION = YES;
				GCC_WARN_UNUSED_VARIABLE = YES;
				IPHONEOS_DEPLOYMENT_TARGET = 15.4;
				MTL_ENABLE_DEBUG_INFO = NO;
				MTL_FAST_MATH = YES;
				SDKROOT = iphoneos;
				SWIFT_COMPILATION_MODE = wholemodule;
				SWIFT_OPTIMIZATION_LEVEL = "-O";
				VALIDATE_PRODUCT = YES;
			};
			name = Release;
		};
		D8045523281A0C630051067E /* Debug */ = {
			isa = XCBuildConfiguration;
			buildSettings = {
				ASSETCATALOG_COMPILER_APPICON_NAME = AppIcon;
				ASSETCATALOG_COMPILER_GLOBAL_ACCENT_COLOR_NAME = AccentColor;
				CODE_SIGN_STYLE = Automatic;
				CURRENT_PROJECT_VERSION = 1;
				GENERATE_INFOPLIST_FILE = YES;
				INFOPLIST_FILE = AutoLayoutPractice/Info.plist;
				INFOPLIST_KEY_UIApplicationSupportsIndirectInputEvents = YES;
				INFOPLIST_KEY_UILaunchStoryboardName = LaunchScreen;
				INFOPLIST_KEY_UIMainStoryboardFile = Main;
				INFOPLIST_KEY_UISupportedInterfaceOrientations_iPad = "UIInterfaceOrientationPortrait UIInterfaceOrientationPortraitUpsideDown UIInterfaceOrientationLandscapeLeft UIInterfaceOrientationLandscapeRight";
				INFOPLIST_KEY_UISupportedInterfaceOrientations_iPhone = "UIInterfaceOrientationPortrait UIInterfaceOrientationLandscapeLeft UIInterfaceOrientationLandscapeRight";
				LD_RUNPATH_SEARCH_PATHS = (
					"$(inherited)",
					"@executable_path/Frameworks",
				);
				MARKETING_VERSION = 1.0;
				PRODUCT_BUNDLE_IDENTIFIER = kr.root.AutoLayoutPractice;
				PRODUCT_NAME = "$(TARGET_NAME)";
				SWIFT_EMIT_LOC_STRINGS = YES;
				SWIFT_VERSION = 5.0;
				TARGETED_DEVICE_FAMILY = "1,2";
			};
			name = Debug;
		};
		D8045524281A0C630051067E /* Release */ = {
			isa = XCBuildConfiguration;
			buildSettings = {
				ASSETCATALOG_COMPILER_APPICON_NAME = AppIcon;
				ASSETCATALOG_COMPILER_GLOBAL_ACCENT_COLOR_NAME = AccentColor;
				CODE_SIGN_STYLE = Automatic;
				CURRENT_PROJECT_VERSION = 1;
				GENERATE_INFOPLIST_FILE = YES;
				INFOPLIST_FILE = AutoLayoutPractice/Info.plist;
				INFOPLIST_KEY_UIApplicationSupportsIndirectInputEvents = YES;
				INFOPLIST_KEY_UILaunchStoryboardName = LaunchScreen;
				INFOPLIST_KEY_UIMainStoryboardFile = Main;
				INFOPLIST_KEY_UISupportedInterfaceOrientations_iPad = "UIInterfaceOrientationPortrait UIInterfaceOrientationPortraitUpsideDown UIInterfaceOrientationLandscapeLeft UIInterfaceOrientationLandscapeRight";
				INFOPLIST_KEY_UISupportedInterfaceOrientations_iPhone = "UIInterfaceOrientationPortrait UIInterfaceOrientationLandscapeLeft UIInterfaceOrientationLandscapeRight";
				LD_RUNPATH_SEARCH_PATHS = (
					"$(inherited)",
					"@executable_path/Frameworks",
				);
				MARKETING_VERSION = 1.0;
				PRODUCT_BUNDLE_IDENTIFIER = kr.root.AutoLayoutPractice;
				PRODUCT_NAME = "$(TARGET_NAME)";
				SWIFT_EMIT_LOC_STRINGS = YES;
				SWIFT_VERSION = 5.0;
				TARGETED_DEVICE_FAMILY = "1,2";
			};
			name = Release;
		};
		D8045526281A0C630051067E /* Debug */ = {
			isa = XCBuildConfiguration;
			buildSettings = {
				ALWAYS_EMBED_SWIFT_STANDARD_LIBRARIES = YES;
				BUNDLE_LOADER = "$(TEST_HOST)";
				CODE_SIGN_STYLE = Automatic;
				CURRENT_PROJECT_VERSION = 1;
				GENERATE_INFOPLIST_FILE = YES;
				IPHONEOS_DEPLOYMENT_TARGET = 15.4;
				MARKETING_VERSION = 1.0;
				PRODUCT_BUNDLE_IDENTIFIER = kr.root.AutoLayoutPracticeTests;
				PRODUCT_NAME = "$(TARGET_NAME)";
				SWIFT_EMIT_LOC_STRINGS = NO;
				SWIFT_VERSION = 5.0;
				TARGETED_DEVICE_FAMILY = "1,2";
				TEST_HOST = "$(BUILT_PRODUCTS_DIR)/AutoLayoutPractice.app/AutoLayoutPractice";
			};
			name = Debug;
		};
		D8045527281A0C630051067E /* Release */ = {
			isa = XCBuildConfiguration;
			buildSettings = {
				ALWAYS_EMBED_SWIFT_STANDARD_LIBRARIES = YES;
				BUNDLE_LOADER = "$(TEST_HOST)";
				CODE_SIGN_STYLE = Automatic;
				CURRENT_PROJECT_VERSION = 1;
				GENERATE_INFOPLIST_FILE = YES;
				IPHONEOS_DEPLOYMENT_TARGET = 15.4;
				MARKETING_VERSION = 1.0;
				PRODUCT_BUNDLE_IDENTIFIER = kr.root.AutoLayoutPracticeTests;
				PRODUCT_NAME = "$(TARGET_NAME)";
				SWIFT_EMIT_LOC_STRINGS = NO;
				SWIFT_VERSION = 5.0;
				TARGETED_DEVICE_FAMILY = "1,2";
				TEST_HOST = "$(BUILT_PRODUCTS_DIR)/AutoLayoutPractice.app/AutoLayoutPractice";
			};
			name = Release;
		};
		D8045529281A0C630051067E /* Debug */ = {
			isa = XCBuildConfiguration;
			buildSettings = {
				ALWAYS_EMBED_SWIFT_STANDARD_LIBRARIES = YES;
				CODE_SIGN_STYLE = Automatic;
				CURRENT_PROJECT_VERSION = 1;
				GENERATE_INFOPLIST_FILE = YES;
				MARKETING_VERSION = 1.0;
				PRODUCT_BUNDLE_IDENTIFIER = kr.root.AutoLayoutPracticeUITests;
				PRODUCT_NAME = "$(TARGET_NAME)";
				SWIFT_EMIT_LOC_STRINGS = NO;
				SWIFT_VERSION = 5.0;
				TARGETED_DEVICE_FAMILY = "1,2";
				TEST_TARGET_NAME = AutoLayoutPractice;
			};
			name = Debug;
		};
		D804552A281A0C630051067E /* Release */ = {
			isa = XCBuildConfiguration;
			buildSettings = {
				ALWAYS_EMBED_SWIFT_STANDARD_LIBRARIES = YES;
				CODE_SIGN_STYLE = Automatic;
				CURRENT_PROJECT_VERSION = 1;
				GENERATE_INFOPLIST_FILE = YES;
				MARKETING_VERSION = 1.0;
				PRODUCT_BUNDLE_IDENTIFIER = kr.root.AutoLayoutPracticeUITests;
				PRODUCT_NAME = "$(TARGET_NAME)";
				SWIFT_EMIT_LOC_STRINGS = NO;
				SWIFT_VERSION = 5.0;
				TARGETED_DEVICE_FAMILY = "1,2";
				TEST_TARGET_NAME = AutoLayoutPractice;
			};
			name = Release;
		};
/* End XCBuildConfiguration section */

/* Begin XCConfigurationList section */
		D80454F3281A0C610051067E /* Build configuration list for PBXProject "AutoLayoutPractice" */ = {
			isa = XCConfigurationList;
			buildConfigurations = (
				D8045520281A0C630051067E /* Debug */,
				D8045521281A0C630051067E /* Release */,
			);
			defaultConfigurationIsVisible = 0;
			defaultConfigurationName = Release;
		};
		D8045522281A0C630051067E /* Build configuration list for PBXNativeTarget "AutoLayoutPractice" */ = {
			isa = XCConfigurationList;
			buildConfigurations = (
				D8045523281A0C630051067E /* Debug */,
				D8045524281A0C630051067E /* Release */,
			);
			defaultConfigurationIsVisible = 0;
			defaultConfigurationName = Release;
		};
		D8045525281A0C630051067E /* Build configuration list for PBXNativeTarget "AutoLayoutPracticeTests" */ = {
			isa = XCConfigurationList;
			buildConfigurations = (
				D8045526281A0C630051067E /* Debug */,
				D8045527281A0C630051067E /* Release */,
			);
			defaultConfigurationIsVisible = 0;
			defaultConfigurationName = Release;
		};
		D8045528281A0C630051067E /* Build configuration list for PBXNativeTarget "AutoLayoutPracticeUITests" */ = {
			isa = XCConfigurationList;
			buildConfigurations = (
				D8045529281A0C630051067E /* Debug */,
				D804552A281A0C630051067E /* Release */,
			);
			defaultConfigurationIsVisible = 0;
			defaultConfigurationName = Release;
		};
/* End XCConfigurationList section */
	};
	rootObject = D80454F0281A0C610051067E /* Project object */;
}
